
Microsoft Visual Studio Solution File, Format Version 12.00
# Visual Studio Version 17
VisualStudioVersion = 17.10.34928.147
MinimumVisualStudioVersion = 10.0.40219.1
Project("{9A19103F-16F7-4668-BE54-9A1E7A4F7556}") = "UserInterface", "UserInterface\UserInterface.csproj", "{21EB6234-28BA-47BD-83DF-4D62157520B1}"
EndProject
Global
	GlobalSection(SolutionConfigurationPlatforms) = preSolution
		Debug|Any CPU = Debug|Any CPU
		Release|Any CPU = Release|Any CPU
	EndGlobalSection
	GlobalSection(ProjectConfigurationPlatforms) = postSolution
		{21EB6234-28BA-47BD-83DF-4D62157520B1}.Debug|Any CPU.ActiveCfg = Debug|Any CPU
		{21EB6234-28BA-47BD-83DF-4D62157520B1}.Debug|Any CPU.Build.0 = Debug|Any CPU
		{21EB6234-28BA-47BD-83DF-4D62157520B1}.Release|Any CPU.ActiveCfg = Release|Any CPU
		{21EB6234-28BA-47BD-83DF-4D62157520B1}.Release|Any CPU.Build.0 = Release|Any CPU
	EndGlobalSection
	GlobalSection(SolutionProperties) = preSolution
		HideSolutionNode = FALSE
	EndGlobalSection
	GlobalSection(ExtensibilityGlobals) = postSolution
		SolutionGuid = {A8744D37-C759-406B-B350-552AD4DAF2B8}
	EndGlobalSection
EndGlobal
